
Microsoft Visual Studio Solution File, Format Version 12.00
# Visual Studio Version 16
VisualStudioVersion = 16.0.30320.27
MinimumVisualStudioVersion = 10.0.40219.1
Project("{FAE04EC0-301F-11D3-BF4B-00C04F79EFBC}") = "Sistema_RV", "Sistema_RV.csproj", "{106DBD85-F883-4DE0-BD02-C494D3DA29BF}"
EndProject
Global
	GlobalSection(SolutionConfigurationPlatforms) = preSolution
		Debug|Any CPU = Debug|Any CPU
		Release|Any CPU = Release|Any CPU
	EndGlobalSection
	GlobalSection(ProjectConfigurationPlatforms) = postSolution
		{106DBD85-F883-4DE0-BD02-C494D3DA29BF}.Debug|Any CPU.ActiveCfg = Debug|Any CPU
		{106DBD85-F883-4DE0-BD02-C494D3DA29BF}.Debug|Any CPU.Build.0 = Debug|Any CPU
		{106DBD85-F883-4DE0-BD02-C494D3DA29BF}.Release|Any CPU.ActiveCfg = Release|Any CPU
		{106DBD85-F883-4DE0-BD02-C494D3DA29BF}.Release|Any CPU.Build.0 = Release|Any CPU
	EndGlobalSection
	GlobalSection(SolutionProperties) = preSolution
		HideSolutionNode = FALSE
	EndGlobalSection
	GlobalSection(ExtensibilityGlobals) = postSolution
		SolutionGuid = {BFAE20C1-70A9-4A01-992A-7181BB30D75A}
	EndGlobalSection
EndGlobal
